{
  "name": "plantpal-shared",
  "version": "1.0.0",
  "lockfileVersion": 3,
  "requires": true,
  "packages": {
    "": {
      "name": "plantpal-shared",
      "version": "1.0.0",
      "license": "MIT",
      "dependencies": {
        "drizzle-orm": "^0.28.6",
        "drizzle-zod": "^0.5.1",
        "zod": "^3.22.4"
      }
    },
    "node_modules/drizzle-orm": {
      "version": "0.28.6",
      "resolved": "https://registry.npmjs.org/drizzle-orm/-/drizzle-orm-0.28.6.tgz",
      "integrity": "sha512-yBe+F9htrlYER7uXgDJUQsTHFoIrI5yMm5A0bg0GiZ/kY5jNXTWoEy4KQtg35cE27sw1VbgzoMWHAgCckUUUww==",
      "license": "Apache-2.0",
      "peerDependencies": {
        "@aws-sdk/client-rds-data": ">=3",
        "@cloudflare/workers-types": ">=3",
        "@libsql/client": "*",
        "@neondatabase/serverless": ">=0.1",
        "@opentelemetry/api": "^1.4.1",
        "@planetscale/database": ">=1",
        "@types/better-sqlite3": "*",
        "@types/pg": "*",
        "@types/sql.js": "*",
        "@vercel/postgres": "*",
        "better-sqlite3": ">=7",
        "bun-types": "*",
        "knex": "*",
        "kysely": "*",
        "mysql2": ">=2",
        "pg": ">=8",
        "postgres": ">=3",
        "sql.js": ">=1",
        "sqlite3": ">=5"
      },
      "peerDependenciesMeta": {
        "@aws-sdk/client-rds-data": {
          "optional": true
        },
        "@cloudflare/workers-types": {
          "optional": true
        },
        "@libsql/client": {
          "optional": true
        },
        "@neondatabase/serverless": {
          "optional": true
        },
        "@opentelemetry/api": {
          "optional": true
        },
        "@planetscale/database": {
          "optional": true
        },
        "@types/better-sqlite3": {
          "optional": true
        },
        "@types/pg": {
          "optional": true
        },
        "@types/sql.js": {
          "optional": true
        },
        "@vercel/postgres": {
          "optional": true
        },
        "better-sqlite3": {
          "optional": true
        },
        "bun-types": {
          "optional": true
        },
        "knex": {
          "optional": true
        },
        "kysely": {
          "optional": true
        },
        "mysql2": {
          "optional": true
        },
        "pg": {
          "optional": true
        },
        "postgres": {
          "optional": true
        },
        "sql.js": {
          "optional": true
        },
        "sqlite3": {
          "optional": true
        }
      }
    },
    "node_modules/drizzle-zod": {
      "version": "0.5.1",
      "resolved": "https://registry.npmjs.org/drizzle-zod/-/drizzle-zod-0.5.1.tgz",
      "integrity": "sha512-C/8bvzUH/zSnVfwdSibOgFjLhtDtbKYmkbPbUCq46QZyZCH6kODIMSOgZ8R7rVjoI+tCj3k06MRJMDqsIeoS4A==",
      "license": "Apache-2.0",
      "peerDependencies": {
        "drizzle-orm": ">=0.23.13",
        "zod": "*"
      }
    },
    "node_modules/zod": {
      "version": "3.24.4",
      "resolved": "https://registry.npmjs.org/zod/-/zod-3.24.4.tgz",
      "integrity": "sha512-OdqJE9UDRPwWsrHjLN2F8bPxvwJBK22EHLWtanu0LSYr5YqzsaaW3RMgmjwr8Rypg5k+meEJdSPXJZXE/yqOMg==",
      "license": "MIT",
      "funding": {
        "url": "https://github.com/sponsors/colinhacks"
      }
    }
  }
}
